
Microsoft Visual Studio Solution File, Format Version 12.00
# Visual Studio Version 17
VisualStudioVersion = 17.5.33516.290
MinimumVisualStudioVersion = 10.0.40219.1
Project("{FAE04EC0-301F-11D3-BF4B-00C04F79EFBC}") = "Presenter_TiendaDeRopa", "Presenter_TiendaDeRopa\Presenter_TiendaDeRopa.csproj", "{1905E122-9E8C-4D3C-B20F-256E3A4052A6}"
EndProject
Project("{FAE04EC0-301F-11D3-BF4B-00C04F79EFBC}") = "Domain_TiendaDeRopa", "Domain_TiendaDeRopa\Domain_TiendaDeRopa.csproj", "{E919A342-1545-4EF3-8B5D-6EDA0AEBB232}"
EndProject
Project("{FAE04EC0-301F-11D3-BF4B-00C04F79EFBC}") = "View_TiendaDeRopa", "View_TiendaDeRopa\View_TiendaDeRopa.csproj", "{85FD0DB9-CD35-4E11-BB53-75CFCD592275}"
EndProject
Global
	GlobalSection(SolutionConfigurationPlatforms) = preSolution
		Debug|Any CPU = Debug|Any CPU
		Release|Any CPU = Release|Any CPU
	EndGlobalSection
	GlobalSection(ProjectConfigurationPlatforms) = postSolution
		{1905E122-9E8C-4D3C-B20F-256E3A4052A6}.Debug|Any CPU.ActiveCfg = Debug|Any CPU
		{1905E122-9E8C-4D3C-B20F-256E3A4052A6}.Debug|Any CPU.Build.0 = Debug|Any CPU
		{1905E122-9E8C-4D3C-B20F-256E3A4052A6}.Release|Any CPU.ActiveCfg = Release|Any CPU
		{1905E122-9E8C-4D3C-B20F-256E3A4052A6}.Release|Any CPU.Build.0 = Release|Any CPU
		{E919A342-1545-4EF3-8B5D-6EDA0AEBB232}.Debug|Any CPU.ActiveCfg = Debug|Any CPU
		{E919A342-1545-4EF3-8B5D-6EDA0AEBB232}.Debug|Any CPU.Build.0 = Debug|Any CPU
		{E919A342-1545-4EF3-8B5D-6EDA0AEBB232}.Release|Any CPU.ActiveCfg = Release|Any CPU
		{E919A342-1545-4EF3-8B5D-6EDA0AEBB232}.Release|Any CPU.Build.0 = Release|Any CPU
		{85FD0DB9-CD35-4E11-BB53-75CFCD592275}.Debug|Any CPU.ActiveCfg = Debug|Any CPU
		{85FD0DB9-CD35-4E11-BB53-75CFCD592275}.Debug|Any CPU.Build.0 = Debug|Any CPU
		{85FD0DB9-CD35-4E11-BB53-75CFCD592275}.Release|Any CPU.ActiveCfg = Release|Any CPU
		{85FD0DB9-CD35-4E11-BB53-75CFCD592275}.Release|Any CPU.Build.0 = Release|Any CPU
	EndGlobalSection
	GlobalSection(SolutionProperties) = preSolution
		HideSolutionNode = FALSE
	EndGlobalSection
	GlobalSection(ExtensibilityGlobals) = postSolution
		SolutionGuid = {06FAC1F5-02CF-4322-977D-65E2C33765EB}
	EndGlobalSection
EndGlobal
